
Microsoft Visual Studio Solution File, Format Version 12.00
# Visual Studio Version 17
VisualStudioVersion = 17.5.002.0
MinimumVisualStudioVersion = 10.0.40219.1
Project("{9A19103F-16F7-4668-BE54-9A1E7A4F7556}") = "Infinity_Runner", "Infinity_Runner\Infinity_Runner.csproj", "{5A994C58-9322-4D7D-8A08-0F898D3B4C91}"
EndProject
Global
	GlobalSection(SolutionConfigurationPlatforms) = preSolution
		Debug|Any CPU = Debug|Any CPU
		Release|Any CPU = Release|Any CPU
	EndGlobalSection
	GlobalSection(ProjectConfigurationPlatforms) = postSolution
		{5A994C58-9322-4D7D-8A08-0F898D3B4C91}.Debug|Any CPU.ActiveCfg = Debug|Any CPU
		{5A994C58-9322-4D7D-8A08-0F898D3B4C91}.Debug|Any CPU.Build.0 = Debug|Any CPU
		{5A994C58-9322-4D7D-8A08-0F898D3B4C91}.Release|Any CPU.ActiveCfg = Release|Any CPU
		{5A994C58-9322-4D7D-8A08-0F898D3B4C91}.Release|Any CPU.Build.0 = Release|Any CPU
	EndGlobalSection
	GlobalSection(SolutionProperties) = preSolution
		HideSolutionNode = FALSE
	EndGlobalSection
	GlobalSection(ExtensibilityGlobals) = postSolution
		SolutionGuid = {2E82EE2C-95A1-4181-AFFC-80A17514334D}
	EndGlobalSection
EndGlobal
